<?xml version='1.0' encoding='utf-8'?>
<Project xmlns="http://schemas.microsoft.com/developer/msbuild/2003" ToolsVersion="4.0"><ItemGroup><Filter Include="Shared"><UniqueIdentifier>{d1e2f3a4-b5c6-7890-abcd-shared000001}</UniqueIdentifier></Filter><Filter Include="Shared\Interfaces"><UniqueIdentifier>{d1e2f3a4-b5c6-7890-abcd-shared000002}</UniqueIdentifier></Filter><Filter Include="Shared\Rendering"><UniqueIdentifier>{d1e2f3a4-b5c6-7890-abcd-shared000006}</UniqueIdentifier></Filter></ItemGroup><ItemGroup><ClInclude Include="..\Dependencies\Shared\ActionID.h"><Filter>Shared</Filter></ClInclude><ClInclude Include="..\Dependencies\Shared\Appearance.h"><Filter>Shared</Filter></ClInclude><ClInclude Include="..\Dependencies\Shared\BitmapFontFactory.h"><Filter>Shared\Rendering</Filter></ClInclude><ClInclude Include="..\Dependencies\Shared\ColorUtils.h"><Filter>Shared\Rendering</Filter></ClInclude><ClInclude Include="..\Dependencies\Shared\GameGeometry.h"><Filter>Shared\Rendering</Filter></ClInclude><ClInclude Include="..\Dependencies\Shared\IBitmapFont.h"><Filter>Shared\Interfaces</Filter></ClInclude><ClInclude Include="..\Dependencies\Shared\IInput.h"><Filter>Shared\Interfaces</Filter></ClInclude><ClInclude Include="..\Dependencies\Shared\IRenderer.h"><Filter>Shared\Interfaces</Filter></ClInclude><ClInclude Include="..\Dependencies\Shared\ISprite.h"><Filter>Shared\Interfaces</Filter></ClInclude><ClInclude Include="..\Dependencies\Shared\ISpriteFactory.h"><Filter>Shared\Interfaces</Filter></ClInclude><ClInclude Include="..\Dependencies\Shared\ITextRenderer.h"><Filter>Shared\Interfaces</Filter></ClInclude><ClInclude Include="..\Dependencies\Shared\ITexture.h"><Filter>Shared\Interfaces</Filter></ClInclude><ClInclude Include="..\Dependencies\Shared\IWindow.h"><Filter>Shared\Interfaces</Filter></ClInclude><ClInclude Include="..\Dependencies\Shared\NativeTypes.h"><Filter>Shared</Filter></ClInclude><ClInclude Include="..\Dependencies\Shared\NullSprite.h"><Filter>Shared\Rendering</Filter></ClInclude><ClInclude Include="..\Dependencies\Shared\PrimitiveTypes.h"><Filter>Shared\Rendering</Filter></ClInclude><ClInclude Include="..\Dependencies\Shared\RenderConstants.h"><Filter>Shared\Rendering</Filter></ClInclude><ClInclude Include="..\Dependencies\Shared\RendererFactory.h"><Filter>Shared\Rendering</Filter></ClInclude><ClInclude Include="..\Dependencies\Shared\ResolutionConfig.h"><Filter>Shared\Rendering</Filter></ClInclude><ClInclude Include="..\Dependencies\Shared\SpriteCollection.h"><Filter>Shared\Rendering</Filter></ClInclude><ClInclude Include="..\Dependencies\Shared\SpriteLoader.h"><Filter>Shared\Rendering</Filter></ClInclude><ClInclude Include="..\Dependencies\Shared\SpriteTypes.h"><Filter>Shared\Rendering</Filter></ClInclude><ClInclude Include="..\Dependencies\Shared\TextLib.h"><Filter>Shared\Rendering</Filter></ClInclude></ItemGroup><ItemGroup><ClCompile Include="..\Dependencies\Shared\ISpriteFactory.cpp"><Filter>Shared\Interfaces</Filter></ClCompile><ClCompile Include="..\Dependencies\Shared\TextLib.cpp"><Filter>Shared\Rendering</Filter></ClCompile></ItemGroup></Project>